
Microsoft Visual Studio Solution File, Format Version 12.00
# Visual Studio Version 17
VisualStudioVersion = 17.8.34330.188
MinimumVisualStudioVersion = 10.0.40219.1
Project("{FAE04EC0-301F-11D3-BF4B-00C04F79EFBC}") = "UniversityManager", "UniversityManager.csproj", "{8CB4CB76-9ED0-40B1-890E-5EED5EC7DFEC}"
EndProject
Global
	GlobalSection(SolutionConfigurationPlatforms) = preSolution
		Debug|Any CPU = Debug|Any CPU
		Release|Any CPU = Release|Any CPU
	EndGlobalSection
	GlobalSection(ProjectConfigurationPlatforms) = postSolution
		{8CB4CB76-9ED0-40B1-890E-5EED5EC7DFEC}.Debug|Any CPU.ActiveCfg = Debug|Any CPU
		{8CB4CB76-9ED0-40B1-890E-5EED5EC7DFEC}.Debug|Any CPU.Build.0 = Debug|Any CPU
		{8CB4CB76-9ED0-40B1-890E-5EED5EC7DFEC}.Release|Any CPU.ActiveCfg = Release|Any CPU
		{8CB4CB76-9ED0-40B1-890E-5EED5EC7DFEC}.Release|Any CPU.Build.0 = Release|Any CPU
	EndGlobalSection
	GlobalSection(SolutionProperties) = preSolution
		HideSolutionNode = FALSE
	EndGlobalSection
	GlobalSection(ExtensibilityGlobals) = postSolution
		SolutionGuid = {4EA4C251-B391-4FB0-BC07-0606B84987BD}
	EndGlobalSection
EndGlobal
